
Microsoft Visual Studio Solution File, Format Version 12.00
# Visual Studio Version 16
VisualStudioVersion = 16.0.31410.357
MinimumVisualStudioVersion = 10.0.40219.1
Project("{FAE04EC0-301F-11D3-BF4B-00C04F79EFBC}") = "StructAssignment", "StructAssignment\StructAssignment.csproj", "{1FB24D0D-1C7D-4E35-87DE-F60A85DB3429}"
EndProject
Global
	GlobalSection(SolutionConfigurationPlatforms) = preSolution
		Debug|Any CPU = Debug|Any CPU
		Release|Any CPU = Release|Any CPU
	EndGlobalSection
	GlobalSection(ProjectConfigurationPlatforms) = postSolution
		{1FB24D0D-1C7D-4E35-87DE-F60A85DB3429}.Debug|Any CPU.ActiveCfg = Debug|Any CPU
		{1FB24D0D-1C7D-4E35-87DE-F60A85DB3429}.Debug|Any CPU.Build.0 = Debug|Any CPU
		{1FB24D0D-1C7D-4E35-87DE-F60A85DB3429}.Release|Any CPU.ActiveCfg = Release|Any CPU
		{1FB24D0D-1C7D-4E35-87DE-F60A85DB3429}.Release|Any CPU.Build.0 = Release|Any CPU
	EndGlobalSection
	GlobalSection(SolutionProperties) = preSolution
		HideSolutionNode = FALSE
	EndGlobalSection
	GlobalSection(ExtensibilityGlobals) = postSolution
		SolutionGuid = {CBF2BA78-1CEA-4969-9805-4CD19074A535}
	EndGlobalSection
EndGlobal
