
Microsoft Visual Studio Solution File, Format Version 12.00
# Visual Studio Version 16
VisualStudioVersion = 16.0.31410.357
MinimumVisualStudioVersion = 10.0.40219.1
Project("{FAE04EC0-301F-11D3-BF4B-00C04F79EFBC}") = "InsuranceApproval", "InsuranceApproval\InsuranceApproval.csproj", "{DD371436-0A9E-4B6A-BB42-A08189FCBA15}"
EndProject
Global
	GlobalSection(SolutionConfigurationPlatforms) = preSolution
		Debug|Any CPU = Debug|Any CPU
		Release|Any CPU = Release|Any CPU
	EndGlobalSection
	GlobalSection(ProjectConfigurationPlatforms) = postSolution
		{DD371436-0A9E-4B6A-BB42-A08189FCBA15}.Debug|Any CPU.ActiveCfg = Debug|Any CPU
		{DD371436-0A9E-4B6A-BB42-A08189FCBA15}.Debug|Any CPU.Build.0 = Debug|Any CPU
		{DD371436-0A9E-4B6A-BB42-A08189FCBA15}.Release|Any CPU.ActiveCfg = Release|Any CPU
		{DD371436-0A9E-4B6A-BB42-A08189FCBA15}.Release|Any CPU.Build.0 = Release|Any CPU
	EndGlobalSection
	GlobalSection(SolutionProperties) = preSolution
		HideSolutionNode = FALSE
	EndGlobalSection
	GlobalSection(ExtensibilityGlobals) = postSolution
		SolutionGuid = {A6C8DA22-F367-4115-854E-A3F8A9434056}
	EndGlobalSection
EndGlobal
